
Microsoft Visual Studio Solution File, Format Version 12.00
# Visual Studio 14
VisualStudioVersion = 14.0.25420.1
MinimumVisualStudioVersion = 10.0.40219.1
Project("{FAE04EC0-301F-11D3-BF4B-00C04F79EFBC}") = "QuickRecs", "QuickRecs\QuickRecs\QuickRecs.csproj", "{E75F0965-D3F0-462C-862E-000982BA040E}"
EndProject
Project("{FAE04EC0-301F-11D3-BF4B-00C04F79EFBC}") = "QuickRecs.Droid", "QuickRecs\QuickRecs.Droid\QuickRecs.Droid.csproj", "{807E893C-62E8-4912-9977-070EF7E3AD8F}"
EndProject
Project("{FAE04EC0-301F-11D3-BF4B-00C04F79EFBC}") = "QuickRecs.iOS", "QuickRecs\QuickRecs.iOS\QuickRecs.iOS.csproj", "{31ECC1C1-B54E-492A-97F8-5C7CA3A1A895}"
EndProject
Project("{FAE04EC0-301F-11D3-BF4B-00C04F79EFBC}") = "QuickRecs.WinPhone", "QuickRecs\QuickRecs.WinPhone\QuickRecs.WinPhone.csproj", "{658367B3-E2A3-4763-8DA4-F3866B327B21}"
EndProject
Project("{FAE04EC0-301F-11D3-BF4B-00C04F79EFBC}") = "QuickRecs.UWP", "QuickRecs\QuickRecs.UWP\QuickRecs.UWP.csproj", "{488FFD05-2653-43B2-9CAB-C98E0AB17904}"
EndProject
Project("{FAE04EC0-301F-11D3-BF4B-00C04F79EFBC}") = "QuickRecs.Windows", "QuickRecs\QuickRecs.Windows\QuickRecs.Windows.csproj", "{6F8ABC04-D3D6-439B-B1ED-B3CDFF91BD7B}"
EndProject
Global
	GlobalSection(SolutionConfigurationPlatforms) = preSolution
		Ad-Hoc|Any CPU = Ad-Hoc|Any CPU
		Ad-Hoc|ARM = Ad-Hoc|ARM
		Ad-Hoc|iPhone = Ad-Hoc|iPhone
		Ad-Hoc|iPhoneSimulator = Ad-Hoc|iPhoneSimulator
		Ad-Hoc|x64 = Ad-Hoc|x64
		Ad-Hoc|x86 = Ad-Hoc|x86
		AppStore|Any CPU = AppStore|Any CPU
		AppStore|ARM = AppStore|ARM
		AppStore|iPhone = AppStore|iPhone
		AppStore|iPhoneSimulator = AppStore|iPhoneSimulator
		AppStore|x64 = AppStore|x64
		AppStore|x86 = AppStore|x86
		Debug|Any CPU = Debug|Any CPU
		Debug|ARM = Debug|ARM
		Debug|iPhone = Debug|iPhone
		Debug|iPhoneSimulator = Debug|iPhoneSimulator
		Debug|x64 = Debug|x64
		Debug|x86 = Debug|x86
		Release|Any CPU = Release|Any CPU
		Release|ARM = Release|ARM
		Release|iPhone = Release|iPhone
		Release|iPhoneSimulator = Release|iPhoneSimulator
		Release|x64 = Release|x64
		Release|x86 = Release|x86
	EndGlobalSection
	GlobalSection(ProjectConfigurationPlatforms) = postSolution
		{E75F0965-D3F0-462C-862E-000982BA040E}.Ad-Hoc|Any CPU.ActiveCfg = Release|Any CPU
		{E75F0965-D3F0-462C-862E-000982BA040E}.Ad-Hoc|Any CPU.Build.0 = Release|Any CPU
		{E75F0965-D3F0-462C-862E-000982BA040E}.Ad-Hoc|ARM.ActiveCfg = Release|Any CPU
		{E75F0965-D3F0-462C-862E-000982BA040E}.Ad-Hoc|ARM.Build.0 = Release|Any CPU
		{E75F0965-D3F0-462C-862E-000982BA040E}.Ad-Hoc|iPhone.ActiveCfg = Release|Any CPU
		{E75F0965-D3F0-462C-862E-000982BA040E}.Ad-Hoc|iPhone.Build.0 = Release|Any CPU
		{E75F0965-D3F0-462C-862E-000982BA040E}.Ad-Hoc|iPhoneSimulator.ActiveCfg = Release|Any CPU
		{E75F0965-D3F0-462C-862E-000982BA040E}.Ad-Hoc|iPhoneSimulator.Build.0 = Release|Any CPU
		{E75F0965-D3F0-462C-862E-000982BA040E}.Ad-Hoc|x64.ActiveCfg = Release|Any CPU
		{E75F0965-D3F0-462C-862E-000982BA040E}.Ad-Hoc|x64.Build.0 = Release|Any CPU
		{E75F0965-D3F0-462C-862E-000982BA040E}.Ad-Hoc|x86.ActiveCfg = Release|Any CPU
		{E75F0965-D3F0-462C-862E-000982BA040E}.Ad-Hoc|x86.Build.0 = Release|Any CPU
		{E75F0965-D3F0-462C-862E-000982BA040E}.AppStore|Any CPU.ActiveCfg = Release|Any CPU
		{E75F0965-D3F0-462C-862E-000982BA040E}.AppStore|Any CPU.Build.0 = Release|Any CPU
		{E75F0965-D3F0-462C-862E-000982BA040E}.AppStore|ARM.ActiveCfg = Release|Any CPU
		{E75F0965-D3F0-462C-862E-000982BA040E}.AppStore|ARM.Build.0 = Release|Any CPU
		{E75F0965-D3F0-462C-862E-000982BA040E}.AppStore|iPhone.ActiveCfg = Release|Any CPU
		{E75F0965-D3F0-462C-862E-000982BA040E}.AppStore|iPhone.Build.0 = Release|Any CPU
		{E75F0965-D3F0-462C-862E-000982BA040E}.AppStore|iPhoneSimulator.ActiveCfg = Release|Any CPU
		{E75F0965-D3F0-462C-862E-000982BA040E}.AppStore|iPhoneSimulator.Build.0 = Release|Any CPU
		{E75F0965-D3F0-462C-862E-000982BA040E}.AppStore|x64.ActiveCfg = Release|Any CPU
		{E75F0965-D3F0-462C-862E-000982BA040E}.AppStore|x64.Build.0 = Release|Any CPU
		{E75F0965-D3F0-462C-862E-000982BA040E}.AppStore|x86.ActiveCfg = Release|Any CPU
		{E75F0965-D3F0-462C-862E-000982BA040E}.AppStore|x86.Build.0 = Release|Any CPU
		{E75F0965-D3F0-462C-862E-000982BA040E}.Debug|Any CPU.ActiveCfg = Debug|Any CPU
		{E75F0965-D3F0-462C-862E-000982BA040E}.Debug|Any CPU.Build.0 = Debug|Any CPU
		{E75F0965-D3F0-462C-862E-000982BA040E}.Debug|ARM.ActiveCfg = Debug|Any CPU
		{E75F0965-D3F0-462C-862E-000982BA040E}.Debug|ARM.Build.0 = Debug|Any CPU
		{E75F0965-D3F0-462C-862E-000982BA040E}.Debug|iPhone.ActiveCfg = Debug|Any CPU
		{E75F0965-D3F0-462C-862E-000982BA040E}.Debug|iPhone.Build.0 = Debug|Any CPU
		{E75F0965-D3F0-462C-862E-000982BA040E}.Debug|iPhoneSimulator.ActiveCfg = Debug|Any CPU
		{E75F0965-D3F0-462C-862E-000982BA040E}.Debug|iPhoneSimulator.Build.0 = Debug|Any CPU
		{E75F0965-D3F0-462C-862E-000982BA040E}.Debug|x64.ActiveCfg = Debug|Any CPU
		{E75F0965-D3F0-462C-862E-000982BA040E}.Debug|x64.Build.0 = Debug|Any CPU
		{E75F0965-D3F0-462C-862E-000982BA040E}.Debug|x86.ActiveCfg = Debug|Any CPU
		{E75F0965-D3F0-462C-862E-000982BA040E}.Debug|x86.Build.0 = Debug|Any CPU
		{E75F0965-D3F0-462C-862E-000982BA040E}.Release|Any CPU.ActiveCfg = Release|Any CPU
		{E75F0965-D3F0-462C-862E-000982BA040E}.Release|Any CPU.Build.0 = Release|Any CPU
		{E75F0965-D3F0-462C-862E-000982BA040E}.Release|ARM.ActiveCfg = Release|Any CPU
		{E75F0965-D3F0-462C-862E-000982BA040E}.Release|ARM.Build.0 = Release|Any CPU
		{E75F0965-D3F0-462C-862E-000982BA040E}.Release|iPhone.ActiveCfg = Release|Any CPU
		{E75F0965-D3F0-462C-862E-000982BA040E}.Release|iPhone.Build.0 = Release|Any CPU
		{E75F0965-D3F0-462C-862E-000982BA040E}.Release|iPhoneSimulator.ActiveCfg = Release|Any CPU
		{E75F0965-D3F0-462C-862E-000982BA040E}.Release|iPhoneSimulator.Build.0 = Release|Any CPU
		{E75F0965-D3F0-462C-862E-000982BA040E}.Release|x64.ActiveCfg = Release|Any CPU
		{E75F0965-D3F0-462C-862E-000982BA040E}.Release|x64.Build.0 = Release|Any CPU
		{E75F0965-D3F0-462C-862E-000982BA040E}.Release|x86.ActiveCfg = Release|Any CPU
		{E75F0965-D3F0-462C-862E-000982BA040E}.Release|x86.Build.0 = Release|Any CPU
		{807E893C-62E8-4912-9977-070EF7E3AD8F}.Ad-Hoc|Any CPU.ActiveCfg = Release|Any CPU
		{807E893C-62E8-4912-9977-070EF7E3AD8F}.Ad-Hoc|Any CPU.Build.0 = Release|Any CPU
		{807E893C-62E8-4912-9977-070EF7E3AD8F}.Ad-Hoc|Any CPU.Deploy.0 = Release|Any CPU
		{807E893C-62E8-4912-9977-070EF7E3AD8F}.Ad-Hoc|ARM.ActiveCfg = Release|Any CPU
		{807E893C-62E8-4912-9977-070EF7E3AD8F}.Ad-Hoc|ARM.Build.0 = Release|Any CPU
		{807E893C-62E8-4912-9977-070EF7E3AD8F}.Ad-Hoc|ARM.Deploy.0 = Release|Any CPU
		{807E893C-62E8-4912-9977-070EF7E3AD8F}.Ad-Hoc|iPhone.ActiveCfg = Release|Any CPU
		{807E893C-62E8-4912-9977-070EF7E3AD8F}.Ad-Hoc|iPhone.Build.0 = Release|Any CPU
		{807E893C-62E8-4912-9977-070EF7E3AD8F}.Ad-Hoc|iPhone.Deploy.0 = Release|Any CPU
		{807E893C-62E8-4912-9977-070EF7E3AD8F}.Ad-Hoc|iPhoneSimulator.ActiveCfg = Release|Any CPU
		{807E893C-62E8-4912-9977-070EF7E3AD8F}.Ad-Hoc|iPhoneSimulator.Build.0 = Release|Any CPU
		{807E893C-62E8-4912-9977-070EF7E3AD8F}.Ad-Hoc|iPhoneSimulator.Deploy.0 = Release|Any CPU
		{807E893C-62E8-4912-9977-070EF7E3AD8F}.Ad-Hoc|x64.ActiveCfg = Release|Any CPU
		{807E893C-62E8-4912-9977-070EF7E3AD8F}.Ad-Hoc|x64.Build.0 = Release|Any CPU
		{807E893C-62E8-4912-9977-070EF7E3AD8F}.Ad-Hoc|x64.Deploy.0 = Release|Any CPU
		{807E893C-62E8-4912-9977-070EF7E3AD8F}.Ad-Hoc|x86.ActiveCfg = Release|Any CPU
		{807E893C-62E8-4912-9977-070EF7E3AD8F}.Ad-Hoc|x86.Build.0 = Release|Any CPU
		{807E893C-62E8-4912-9977-070EF7E3AD8F}.Ad-Hoc|x86.Deploy.0 = Release|Any CPU
		{807E893C-62E8-4912-9977-070EF7E3AD8F}.AppStore|Any CPU.ActiveCfg = Release|Any CPU
		{807E893C-62E8-4912-9977-070EF7E3AD8F}.AppStore|Any CPU.Build.0 = Release|Any CPU
		{807E893C-62E8-4912-9977-070EF7E3AD8F}.AppStore|Any CPU.Deploy.0 = Release|Any CPU
		{807E893C-62E8-4912-9977-070EF7E3AD8F}.AppStore|ARM.ActiveCfg = Release|Any CPU
		{807E893C-62E8-4912-9977-070EF7E3AD8F}.AppStore|ARM.Build.0 = Release|Any CPU
		{807E893C-62E8-4912-9977-070EF7E3AD8F}.AppStore|ARM.Deploy.0 = Release|Any CPU
		{807E893C-62E8-4912-9977-070EF7E3AD8F}.AppStore|iPhone.ActiveCfg = Release|Any CPU
		{807E893C-62E8-4912-9977-070EF7E3AD8F}.AppStore|iPhone.Build.0 = Release|Any CPU
		{807E893C-62E8-4912-9977-070EF7E3AD8F}.AppStore|iPhone.Deploy.0 = Release|Any CPU
		{807E893C-62E8-4912-9977-070EF7E3AD8F}.AppStore|iPhoneSimulator.ActiveCfg = Release|Any CPU
		{807E893C-62E8-4912-9977-070EF7E3AD8F}.AppStore|iPhoneSimulator.Build.0 = Release|Any CPU
		{807E893C-62E8-4912-9977-070EF7E3AD8F}.AppStore|iPhoneSimulator.Deploy.0 = Release|Any CPU
		{807E893C-62E8-4912-9977-070EF7E3AD8F}.AppStore|x64.ActiveCfg = Release|Any CPU
		{807E893C-62E8-4912-9977-070EF7E3AD8F}.AppStore|x64.Build.0 = Release|Any CPU
		{807E893C-62E8-4912-9977-070EF7E3AD8F}.AppStore|x64.Deploy.0 = Release|Any CPU
		{807E893C-62E8-4912-9977-070EF7E3AD8F}.AppStore|x86.ActiveCfg = Release|Any CPU
		{807E893C-62E8-4912-9977-070EF7E3AD8F}.AppStore|x86.Build.0 = Release|Any CPU
		{807E893C-62E8-4912-9977-070EF7E3AD8F}.AppStore|x86.Deploy.0 = Release|Any CPU
		{807E893C-62E8-4912-9977-070EF7E3AD8F}.Debug|Any CPU.ActiveCfg = Debug|Any CPU
		{807E893C-62E8-4912-9977-070EF7E3AD8F}.Debug|Any CPU.Build.0 = Debug|Any CPU
		{807E893C-62E8-4912-9977-070EF7E3AD8F}.Debug|Any CPU.Deploy.0 = Debug|Any CPU
		{807E893C-62E8-4912-9977-070EF7E3AD8F}.Debug|ARM.ActiveCfg = Debug|Any CPU
		{807E893C-62E8-4912-9977-070EF7E3AD8F}.Debug|ARM.Build.0 = Debug|Any CPU
		{807E893C-62E8-4912-9977-070EF7E3AD8F}.Debug|ARM.Deploy.0 = Debug|Any CPU
		{807E893C-62E8-4912-9977-070EF7E3AD8F}.Debug|iPhone.ActiveCfg = Debug|Any CPU
		{807E893C-62E8-4912-9977-070EF7E3AD8F}.Debug|iPhone.Build.0 = Debug|Any CPU
		{807E893C-62E8-4912-9977-070EF7E3AD8F}.Debug|iPhone.Deploy.0 = Debug|Any CPU
		{807E893C-62E8-4912-9977-070EF7E3AD8F}.Debug|iPhoneSimulator.ActiveCfg = Debug|Any CPU
		{807E893C-62E8-4912-9977-070EF7E3AD8F}.Debug|iPhoneSimulator.Build.0 = Debug|Any CPU
		{807E893C-62E8-4912-9977-070EF7E3AD8F}.Debug|iPhoneSimulator.Deploy.0 = Debug|Any CPU
		{807E893C-62E8-4912-9977-070EF7E3AD8F}.Debug|x64.ActiveCfg = Debug|Any CPU
		{807E893C-62E8-4912-9977-070EF7E3AD8F}.Debug|x64.Build.0 = Debug|Any CPU
		{807E893C-62E8-4912-9977-070EF7E3AD8F}.Debug|x64.Deploy.0 = Debug|Any CPU
		{807E893C-62E8-4912-9977-070EF7E3AD8F}.Debug|x86.ActiveCfg = Debug|Any CPU
		{807E893C-62E8-4912-9977-070EF7E3AD8F}.Debug|x86.Build.0 = Debug|Any CPU
		{807E893C-62E8-4912-9977-070EF7E3AD8F}.Debug|x86.Deploy.0 = Debug|Any CPU
		{807E893C-62E8-4912-9977-070EF7E3AD8F}.Release|Any CPU.ActiveCfg = Release|Any CPU
		{807E893C-62E8-4912-9977-070EF7E3AD8F}.Release|Any CPU.Build.0 = Release|Any CPU
		{807E893C-62E8-4912-9977-070EF7E3AD8F}.Release|Any CPU.Deploy.0 = Release|Any CPU
		{807E893C-62E8-4912-9977-070EF7E3AD8F}.Release|ARM.ActiveCfg = Release|Any CPU
		{807E893C-62E8-4912-9977-070EF7E3AD8F}.Release|ARM.Build.0 = Release|Any CPU
		{807E893C-62E8-4912-9977-070EF7E3AD8F}.Release|ARM.Deploy.0 = Release|Any CPU
		{807E893C-62E8-4912-9977-070EF7E3AD8F}.Release|iPhone.ActiveCfg = Release|Any CPU
		{807E893C-62E8-4912-9977-070EF7E3AD8F}.Release|iPhone.Build.0 = Release|Any CPU
		{807E893C-62E8-4912-9977-070EF7E3AD8F}.Release|iPhone.Deploy.0 = Release|Any CPU
		{807E893C-62E8-4912-9977-070EF7E3AD8F}.Release|iPhoneSimulator.ActiveCfg = Release|Any CPU
		{807E893C-62E8-4912-9977-070EF7E3AD8F}.Release|iPhoneSimulator.Build.0 = Release|Any CPU
		{807E893C-62E8-4912-9977-070EF7E3AD8F}.Release|iPhoneSimulator.Deploy.0 = Release|Any CPU
		{807E893C-62E8-4912-9977-070EF7E3AD8F}.Release|x64.ActiveCfg = Release|Any CPU
		{807E893C-62E8-4912-9977-070EF7E3AD8F}.Release|x64.Build.0 = Release|Any CPU
		{807E893C-62E8-4912-9977-070EF7E3AD8F}.Release|x64.Deploy.0 = Release|Any CPU
		{807E893C-62E8-4912-9977-070EF7E3AD8F}.Release|x86.ActiveCfg = Release|Any CPU
		{807E893C-62E8-4912-9977-070EF7E3AD8F}.Release|x86.Build.0 = Release|Any CPU
		{807E893C-62E8-4912-9977-070EF7E3AD8F}.Release|x86.Deploy.0 = Release|Any CPU
		{31ECC1C1-B54E-492A-97F8-5C7CA3A1A895}.Ad-Hoc|Any CPU.ActiveCfg = Ad-Hoc|iPhone
		{31ECC1C1-B54E-492A-97F8-5C7CA3A1A895}.Ad-Hoc|ARM.ActiveCfg = Ad-Hoc|iPhone
		{31ECC1C1-B54E-492A-97F8-5C7CA3A1A895}.Ad-Hoc|iPhone.ActiveCfg = Ad-Hoc|iPhone
		{31ECC1C1-B54E-492A-97F8-5C7CA3A1A895}.Ad-Hoc|iPhone.Build.0 = Ad-Hoc|iPhone
		{31ECC1C1-B54E-492A-97F8-5C7CA3A1A895}.Ad-Hoc|iPhoneSimulator.ActiveCfg = Ad-Hoc|iPhoneSimulator
		{31ECC1C1-B54E-492A-97F8-5C7CA3A1A895}.Ad-Hoc|iPhoneSimulator.Build.0 = Ad-Hoc|iPhoneSimulator
		{31ECC1C1-B54E-492A-97F8-5C7CA3A1A895}.Ad-Hoc|x64.ActiveCfg = Ad-Hoc|iPhone
		{31ECC1C1-B54E-492A-97F8-5C7CA3A1A895}.Ad-Hoc|x86.ActiveCfg = Ad-Hoc|iPhone
		{31ECC1C1-B54E-492A-97F8-5C7CA3A1A895}.AppStore|Any CPU.ActiveCfg = AppStore|iPhone
		{31ECC1C1-B54E-492A-97F8-5C7CA3A1A895}.AppStore|ARM.ActiveCfg = AppStore|iPhone
		{31ECC1C1-B54E-492A-97F8-5C7CA3A1A895}.AppStore|iPhone.ActiveCfg = AppStore|iPhone
		{31ECC1C1-B54E-492A-97F8-5C7CA3A1A895}.AppStore|iPhone.Build.0 = AppStore|iPhone
		{31ECC1C1-B54E-492A-97F8-5C7CA3A1A895}.AppStore|iPhoneSimulator.ActiveCfg = AppStore|iPhoneSimulator
		{31ECC1C1-B54E-492A-97F8-5C7CA3A1A895}.AppStore|iPhoneSimulator.Build.0 = AppStore|iPhoneSimulator
		{31ECC1C1-B54E-492A-97F8-5C7CA3A1A895}.AppStore|x64.ActiveCfg = AppStore|iPhone
		{31ECC1C1-B54E-492A-97F8-5C7CA3A1A895}.AppStore|x86.ActiveCfg = AppStore|iPhone
		{31ECC1C1-B54E-492A-97F8-5C7CA3A1A895}.Debug|Any CPU.ActiveCfg = Debug|iPhone
		{31ECC1C1-B54E-492A-97F8-5C7CA3A1A895}.Debug|Any CPU.Build.0 = Debug|iPhone
		{31ECC1C1-B54E-492A-97F8-5C7CA3A1A895}.Debug|ARM.ActiveCfg = Debug|iPhone
		{31ECC1C1-B54E-492A-97F8-5C7CA3A1A895}.Debug|iPhone.ActiveCfg = Debug|iPhone
		{31ECC1C1-B54E-492A-97F8-5C7CA3A1A895}.Debug|iPhone.Build.0 = Debug|iPhone
		{31ECC1C1-B54E-492A-97F8-5C7CA3A1A895}.Debug|iPhoneSimulator.ActiveCfg = Debug|iPhoneSimulator
		{31ECC1C1-B54E-492A-97F8-5C7CA3A1A895}.Debug|iPhoneSimulator.Build.0 = Debug|iPhoneSimulator
		{31ECC1C1-B54E-492A-97F8-5C7CA3A1A895}.Debug|x64.ActiveCfg = Debug|iPhone
		{31ECC1C1-B54E-492A-97F8-5C7CA3A1A895}.Debug|x86.ActiveCfg = Debug|iPhone
		{31ECC1C1-B54E-492A-97F8-5C7CA3A1A895}.Release|Any CPU.ActiveCfg = Release|iPhone
		{31ECC1C1-B54E-492A-97F8-5C7CA3A1A895}.Release|ARM.ActiveCfg = Release|iPhone
		{31ECC1C1-B54E-492A-97F8-5C7CA3A1A895}.Release|iPhone.ActiveCfg = Release|iPhone
		{31ECC1C1-B54E-492A-97F8-5C7CA3A1A895}.Release|iPhone.Build.0 = Release|iPhone
		{31ECC1C1-B54E-492A-97F8-5C7CA3A1A895}.Release|iPhoneSimulator.ActiveCfg = Release|iPhoneSimulator
		{31ECC1C1-B54E-492A-97F8-5C7CA3A1A895}.Release|iPhoneSimulator.Build.0 = Release|iPhoneSimulator
		{31ECC1C1-B54E-492A-97F8-5C7CA3A1A895}.Release|x64.ActiveCfg = Release|iPhone
		{31ECC1C1-B54E-492A-97F8-5C7CA3A1A895}.Release|x86.ActiveCfg = Release|iPhone
		{658367B3-E2A3-4763-8DA4-F3866B327B21}.Ad-Hoc|Any CPU.ActiveCfg = Release|Any CPU
		{658367B3-E2A3-4763-8DA4-F3866B327B21}.Ad-Hoc|Any CPU.Build.0 = Release|Any CPU
		{658367B3-E2A3-4763-8DA4-F3866B327B21}.Ad-Hoc|Any CPU.Deploy.0 = Release|Any CPU
		{658367B3-E2A3-4763-8DA4-F3866B327B21}.Ad-Hoc|ARM.ActiveCfg = Release|ARM
		{658367B3-E2A3-4763-8DA4-F3866B327B21}.Ad-Hoc|ARM.Build.0 = Release|ARM
		{658367B3-E2A3-4763-8DA4-F3866B327B21}.Ad-Hoc|ARM.Deploy.0 = Release|ARM
		{658367B3-E2A3-4763-8DA4-F3866B327B21}.Ad-Hoc|iPhone.ActiveCfg = Release|Any CPU
		{658367B3-E2A3-4763-8DA4-F3866B327B21}.Ad-Hoc|iPhone.Build.0 = Release|Any CPU
		{658367B3-E2A3-4763-8DA4-F3866B327B21}.Ad-Hoc|iPhone.Deploy.0 = Release|Any CPU
		{658367B3-E2A3-4763-8DA4-F3866B327B21}.Ad-Hoc|iPhoneSimulator.ActiveCfg = Release|Any CPU
		{658367B3-E2A3-4763-8DA4-F3866B327B21}.Ad-Hoc|iPhoneSimulator.Build.0 = Release|Any CPU
		{658367B3-E2A3-4763-8DA4-F3866B327B21}.Ad-Hoc|iPhoneSimulator.Deploy.0 = Release|Any CPU
		{658367B3-E2A3-4763-8DA4-F3866B327B21}.Ad-Hoc|x64.ActiveCfg = Release|Any CPU
		{658367B3-E2A3-4763-8DA4-F3866B327B21}.Ad-Hoc|x64.Build.0 = Release|Any CPU
		{658367B3-E2A3-4763-8DA4-F3866B327B21}.Ad-Hoc|x64.Deploy.0 = Release|Any CPU
		{658367B3-E2A3-4763-8DA4-F3866B327B21}.Ad-Hoc|x86.ActiveCfg = Release|x86
		{658367B3-E2A3-4763-8DA4-F3866B327B21}.Ad-Hoc|x86.Build.0 = Release|x86
		{658367B3-E2A3-4763-8DA4-F3866B327B21}.Ad-Hoc|x86.Deploy.0 = Release|x86
		{658367B3-E2A3-4763-8DA4-F3866B327B21}.AppStore|Any CPU.ActiveCfg = Release|Any CPU
		{658367B3-E2A3-4763-8DA4-F3866B327B21}.AppStore|Any CPU.Build.0 = Release|Any CPU
		{658367B3-E2A3-4763-8DA4-F3866B327B21}.AppStore|Any CPU.Deploy.0 = Release|Any CPU
		{658367B3-E2A3-4763-8DA4-F3866B327B21}.AppStore|ARM.ActiveCfg = Release|ARM
		{658367B3-E2A3-4763-8DA4-F3866B327B21}.AppStore|ARM.Build.0 = Release|ARM
		{658367B3-E2A3-4763-8DA4-F3866B327B21}.AppStore|ARM.Deploy.0 = Release|ARM
		{658367B3-E2A3-4763-8DA4-F3866B327B21}.AppStore|iPhone.ActiveCfg = Release|Any CPU
		{658367B3-E2A3-4763-8DA4-F3866B327B21}.AppStore|iPhone.Build.0 = Release|Any CPU
		{658367B3-E2A3-4763-8DA4-F3866B327B21}.AppStore|iPhone.Deploy.0 = Release|Any CPU
		{658367B3-E2A3-4763-8DA4-F3866B327B21}.AppStore|iPhoneSimulator.ActiveCfg = Release|Any CPU
		{658367B3-E2A3-4763-8DA4-F3866B327B21}.AppStore|iPhoneSimulator.Build.0 = Release|Any CPU
		{658367B3-E2A3-4763-8DA4-F3866B327B21}.AppStore|iPhoneSimulator.Deploy.0 = Release|Any CPU
		{658367B3-E2A3-4763-8DA4-F3866B327B21}.AppStore|x64.ActiveCfg = Release|Any CPU
		{658367B3-E2A3-4763-8DA4-F3866B327B21}.AppStore|x64.Build.0 = Release|Any CPU
		{658367B3-E2A3-4763-8DA4-F3866B327B21}.AppStore|x64.Deploy.0 = Release|Any CPU
		{658367B3-E2A3-4763-8DA4-F3866B327B21}.AppStore|x86.ActiveCfg = Release|x86
		{658367B3-E2A3-4763-8DA4-F3866B327B21}.AppStore|x86.Build.0 = Release|x86
		{658367B3-E2A3-4763-8DA4-F3866B327B21}.AppStore|x86.Deploy.0 = Release|x86
		{658367B3-E2A3-4763-8DA4-F3866B327B21}.Debug|Any CPU.ActiveCfg = Debug|Any CPU
		{658367B3-E2A3-4763-8DA4-F3866B327B21}.Debug|Any CPU.Build.0 = Debug|Any CPU
		{658367B3-E2A3-4763-8DA4-F3866B327B21}.Debug|Any CPU.Deploy.0 = Debug|Any CPU
		{658367B3-E2A3-4763-8DA4-F3866B327B21}.Debug|ARM.ActiveCfg = Debug|ARM
		{658367B3-E2A3-4763-8DA4-F3866B327B21}.Debug|ARM.Build.0 = Debug|ARM
		{658367B3-E2A3-4763-8DA4-F3866B327B21}.Debug|ARM.Deploy.0 = Debug|ARM
		{658367B3-E2A3-4763-8DA4-F3866B327B21}.Debug|iPhone.ActiveCfg = Debug|Any CPU
		{658367B3-E2A3-4763-8DA4-F3866B327B21}.Debug|iPhone.Build.0 = Debug|Any CPU
		{658367B3-E2A3-4763-8DA4-F3866B327B21}.Debug|iPhone.Deploy.0 = Debug|Any CPU
		{658367B3-E2A3-4763-8DA4-F3866B327B21}.Debug|iPhoneSimulator.ActiveCfg = Debug|Any CPU
		{658367B3-E2A3-4763-8DA4-F3866B327B21}.Debug|iPhoneSimulator.Build.0 = Debug|Any CPU
		{658367B3-E2A3-4763-8DA4-F3866B327B21}.Debug|iPhoneSimulator.Deploy.0 = Debug|Any CPU
		{658367B3-E2A3-4763-8DA4-F3866B327B21}.Debug|x64.ActiveCfg = Debug|Any CPU
		{658367B3-E2A3-4763-8DA4-F3866B327B21}.Debug|x64.Build.0 = Debug|Any CPU
		{658367B3-E2A3-4763-8DA4-F3866B327B21}.Debug|x64.Deploy.0 = Debug|Any CPU
		{658367B3-E2A3-4763-8DA4-F3866B327B21}.Debug|x86.ActiveCfg = Debug|x86
		{658367B3-E2A3-4763-8DA4-F3866B327B21}.Debug|x86.Build.0 = Debug|x86
		{658367B3-E2A3-4763-8DA4-F3866B327B21}.Debug|x86.Deploy.0 = Debug|x86
		{658367B3-E2A3-4763-8DA4-F3866B327B21}.Release|Any CPU.ActiveCfg = Release|Any CPU
		{658367B3-E2A3-4763-8DA4-F3866B327B21}.Release|Any CPU.Build.0 = Release|Any CPU
		{658367B3-E2A3-4763-8DA4-F3866B327B21}.Release|Any CPU.Deploy.0 = Release|Any CPU
		{658367B3-E2A3-4763-8DA4-F3866B327B21}.Release|ARM.ActiveCfg = Release|ARM
		{658367B3-E2A3-4763-8DA4-F3866B327B21}.Release|ARM.Build.0 = Release|ARM
		{658367B3-E2A3-4763-8DA4-F3866B327B21}.Release|ARM.Deploy.0 = Release|ARM
		{658367B3-E2A3-4763-8DA4-F3866B327B21}.Release|iPhone.ActiveCfg = Release|Any CPU
		{658367B3-E2A3-4763-8DA4-F3866B327B21}.Release|iPhone.Build.0 = Release|Any CPU
		{658367B3-E2A3-4763-8DA4-F3866B327B21}.Release|iPhone.Deploy.0 = Release|Any CPU
		{658367B3-E2A3-4763-8DA4-F3866B327B21}.Release|iPhoneSimulator.ActiveCfg = Release|Any CPU
		{658367B3-E2A3-4763-8DA4-F3866B327B21}.Release|iPhoneSimulator.Build.0 = Release|Any CPU
		{658367B3-E2A3-4763-8DA4-F3866B327B21}.Release|iPhoneSimulator.Deploy.0 = Release|Any CPU
		{658367B3-E2A3-4763-8DA4-F3866B327B21}.Release|x64.ActiveCfg = Release|Any CPU
		{658367B3-E2A3-4763-8DA4-F3866B327B21}.Release|x64.Build.0 = Release|Any CPU
		{658367B3-E2A3-4763-8DA4-F3866B327B21}.Release|x64.Deploy.0 = Release|Any CPU
		{658367B3-E2A3-4763-8DA4-F3866B327B21}.Release|x86.ActiveCfg = Release|x86
		{658367B3-E2A3-4763-8DA4-F3866B327B21}.Release|x86.Build.0 = Release|x86
		{658367B3-E2A3-4763-8DA4-F3866B327B21}.Release|x86.Deploy.0 = Release|x86
		{488FFD05-2653-43B2-9CAB-C98E0AB17904}.Ad-Hoc|Any CPU.ActiveCfg = Release|x86
		{488FFD05-2653-43B2-9CAB-C98E0AB17904}.Ad-Hoc|Any CPU.Build.0 = Release|x86
		{488FFD05-2653-43B2-9CAB-C98E0AB17904}.Ad-Hoc|Any CPU.Deploy.0 = Release|x86
		{488FFD05-2653-43B2-9CAB-C98E0AB17904}.Ad-Hoc|ARM.ActiveCfg = Release|ARM
		{488FFD05-2653-43B2-9CAB-C98E0AB17904}.Ad-Hoc|ARM.Build.0 = Release|ARM
		{488FFD05-2653-43B2-9CAB-C98E0AB17904}.Ad-Hoc|ARM.Deploy.0 = Release|ARM
		{488FFD05-2653-43B2-9CAB-C98E0AB17904}.Ad-Hoc|iPhone.ActiveCfg = Release|x86
		{488FFD05-2653-43B2-9CAB-C98E0AB17904}.Ad-Hoc|iPhone.Build.0 = Release|x86
		{488FFD05-2653-43B2-9CAB-C98E0AB17904}.Ad-Hoc|iPhone.Deploy.0 = Release|x86
		{488FFD05-2653-43B2-9CAB-C98E0AB17904}.Ad-Hoc|iPhoneSimulator.ActiveCfg = Release|x86
		{488FFD05-2653-43B2-9CAB-C98E0AB17904}.Ad-Hoc|iPhoneSimulator.Build.0 = Release|x86
		{488FFD05-2653-43B2-9CAB-C98E0AB17904}.Ad-Hoc|iPhoneSimulator.Deploy.0 = Release|x86
		{488FFD05-2653-43B2-9CAB-C98E0AB17904}.Ad-Hoc|x64.ActiveCfg = Release|x64
		{488FFD05-2653-43B2-9CAB-C98E0AB17904}.Ad-Hoc|x64.Build.0 = Release|x64
		{488FFD05-2653-43B2-9CAB-C98E0AB17904}.Ad-Hoc|x64.Deploy.0 = Release|x64
		{488FFD05-2653-43B2-9CAB-C98E0AB17904}.Ad-Hoc|x86.ActiveCfg = Release|x86
		{488FFD05-2653-43B2-9CAB-C98E0AB17904}.Ad-Hoc|x86.Build.0 = Release|x86
		{488FFD05-2653-43B2-9CAB-C98E0AB17904}.Ad-Hoc|x86.Deploy.0 = Release|x86
		{488FFD05-2653-43B2-9CAB-C98E0AB17904}.AppStore|Any CPU.ActiveCfg = Release|x86
		{488FFD05-2653-43B2-9CAB-C98E0AB17904}.AppStore|Any CPU.Build.0 = Release|x86
		{488FFD05-2653-43B2-9CAB-C98E0AB17904}.AppStore|Any CPU.Deploy.0 = Release|x86
		{488FFD05-2653-43B2-9CAB-C98E0AB17904}.AppStore|ARM.ActiveCfg = Release|ARM
		{488FFD05-2653-43B2-9CAB-C98E0AB17904}.AppStore|ARM.Build.0 = Release|ARM
		{488FFD05-2653-43B2-9CAB-C98E0AB17904}.AppStore|ARM.Deploy.0 = Release|ARM
		{488FFD05-2653-43B2-9CAB-C98E0AB17904}.AppStore|iPhone.ActiveCfg = Release|x86
		{488FFD05-2653-43B2-9CAB-C98E0AB17904}.AppStore|iPhone.Build.0 = Release|x86
		{488FFD05-2653-43B2-9CAB-C98E0AB17904}.AppStore|iPhone.Deploy.0 = Release|x86
		{488FFD05-2653-43B2-9CAB-C98E0AB17904}.AppStore|iPhoneSimulator.ActiveCfg = Release|x86
		{488FFD05-2653-43B2-9CAB-C98E0AB17904}.AppStore|iPhoneSimulator.Build.0 = Release|x86
		{488FFD05-2653-43B2-9CAB-C98E0AB17904}.AppStore|iPhoneSimulator.Deploy.0 = Release|x86
		{488FFD05-2653-43B2-9CAB-C98E0AB17904}.AppStore|x64.ActiveCfg = Release|x64
		{488FFD05-2653-43B2-9CAB-C98E0AB17904}.AppStore|x64.Build.0 = Release|x64
		{488FFD05-2653-43B2-9CAB-C98E0AB17904}.AppStore|x64.Deploy.0 = Release|x64
		{488FFD05-2653-43B2-9CAB-C98E0AB17904}.AppStore|x86.ActiveCfg = Release|x86
		{488FFD05-2653-43B2-9CAB-C98E0AB17904}.AppStore|x86.Build.0 = Release|x86
		{488FFD05-2653-43B2-9CAB-C98E0AB17904}.AppStore|x86.Deploy.0 = Release|x86
		{488FFD05-2653-43B2-9CAB-C98E0AB17904}.Debug|Any CPU.ActiveCfg = Debug|x86
		{488FFD05-2653-43B2-9CAB-C98E0AB17904}.Debug|Any CPU.Build.0 = Debug|x86
		{488FFD05-2653-43B2-9CAB-C98E0AB17904}.Debug|Any CPU.Deploy.0 = Debug|x86
		{488FFD05-2653-43B2-9CAB-C98E0AB17904}.Debug|ARM.ActiveCfg = Debug|ARM
		{488FFD05-2653-43B2-9CAB-C98E0AB17904}.Debug|ARM.Build.0 = Debug|ARM
		{488FFD05-2653-43B2-9CAB-C98E0AB17904}.Debug|ARM.Deploy.0 = Debug|ARM
		{488FFD05-2653-43B2-9CAB-C98E0AB17904}.Debug|iPhone.ActiveCfg = Debug|x86
		{488FFD05-2653-43B2-9CAB-C98E0AB17904}.Debug|iPhoneSimulator.ActiveCfg = Debug|x86
		{488FFD05-2653-43B2-9CAB-C98E0AB17904}.Debug|x64.ActiveCfg = Debug|x64
		{488FFD05-2653-43B2-9CAB-C98E0AB17904}.Debug|x64.Build.0 = Debug|x64
		{488FFD05-2653-43B2-9CAB-C98E0AB17904}.Debug|x64.Deploy.0 = Debug|x64
		{488FFD05-2653-43B2-9CAB-C98E0AB17904}.Debug|x86.ActiveCfg = Debug|x86
		{488FFD05-2653-43B2-9CAB-C98E0AB17904}.Debug|x86.Build.0 = Debug|x86
		{488FFD05-2653-43B2-9CAB-C98E0AB17904}.Debug|x86.Deploy.0 = Debug|x86
		{488FFD05-2653-43B2-9CAB-C98E0AB17904}.Release|Any CPU.ActiveCfg = Release|x86
		{488FFD05-2653-43B2-9CAB-C98E0AB17904}.Release|ARM.ActiveCfg = Release|ARM
		{488FFD05-2653-43B2-9CAB-C98E0AB17904}.Release|ARM.Build.0 = Release|ARM
		{488FFD05-2653-43B2-9CAB-C98E0AB17904}.Release|ARM.Deploy.0 = Release|ARM
		{488FFD05-2653-43B2-9CAB-C98E0AB17904}.Release|iPhone.ActiveCfg = Release|x86
		{488FFD05-2653-43B2-9CAB-C98E0AB17904}.Release|iPhoneSimulator.ActiveCfg = Release|x86
		{488FFD05-2653-43B2-9CAB-C98E0AB17904}.Release|x64.ActiveCfg = Release|x64
		{488FFD05-2653-43B2-9CAB-C98E0AB17904}.Release|x64.Build.0 = Release|x64
		{488FFD05-2653-43B2-9CAB-C98E0AB17904}.Release|x64.Deploy.0 = Release|x64
		{488FFD05-2653-43B2-9CAB-C98E0AB17904}.Release|x86.ActiveCfg = Release|x86
		{488FFD05-2653-43B2-9CAB-C98E0AB17904}.Release|x86.Build.0 = Release|x86
		{488FFD05-2653-43B2-9CAB-C98E0AB17904}.Release|x86.Deploy.0 = Release|x86
		{6F8ABC04-D3D6-439B-B1ED-B3CDFF91BD7B}.Ad-Hoc|Any CPU.ActiveCfg = Release|Any CPU
		{6F8ABC04-D3D6-439B-B1ED-B3CDFF91BD7B}.Ad-Hoc|Any CPU.Build.0 = Release|Any CPU
		{6F8ABC04-D3D6-439B-B1ED-B3CDFF91BD7B}.Ad-Hoc|Any CPU.Deploy.0 = Release|Any CPU
		{6F8ABC04-D3D6-439B-B1ED-B3CDFF91BD7B}.Ad-Hoc|ARM.ActiveCfg = Release|ARM
		{6F8ABC04-D3D6-439B-B1ED-B3CDFF91BD7B}.Ad-Hoc|ARM.Build.0 = Release|ARM
		{6F8ABC04-D3D6-439B-B1ED-B3CDFF91BD7B}.Ad-Hoc|ARM.Deploy.0 = Release|ARM
		{6F8ABC04-D3D6-439B-B1ED-B3CDFF91BD7B}.Ad-Hoc|iPhone.ActiveCfg = Release|Any CPU
		{6F8ABC04-D3D6-439B-B1ED-B3CDFF91BD7B}.Ad-Hoc|iPhone.Build.0 = Release|Any CPU
		{6F8ABC04-D3D6-439B-B1ED-B3CDFF91BD7B}.Ad-Hoc|iPhone.Deploy.0 = Release|Any CPU
		{6F8ABC04-D3D6-439B-B1ED-B3CDFF91BD7B}.Ad-Hoc|iPhoneSimulator.ActiveCfg = Release|Any CPU
		{6F8ABC04-D3D6-439B-B1ED-B3CDFF91BD7B}.Ad-Hoc|iPhoneSimulator.Build.0 = Release|Any CPU
		{6F8ABC04-D3D6-439B-B1ED-B3CDFF91BD7B}.Ad-Hoc|iPhoneSimulator.Deploy.0 = Release|Any CPU
		{6F8ABC04-D3D6-439B-B1ED-B3CDFF91BD7B}.Ad-Hoc|x64.ActiveCfg = Release|x64
		{6F8ABC04-D3D6-439B-B1ED-B3CDFF91BD7B}.Ad-Hoc|x64.Build.0 = Release|x64
		{6F8ABC04-D3D6-439B-B1ED-B3CDFF91BD7B}.Ad-Hoc|x64.Deploy.0 = Release|x64
		{6F8ABC04-D3D6-439B-B1ED-B3CDFF91BD7B}.Ad-Hoc|x86.ActiveCfg = Release|x86
		{6F8ABC04-D3D6-439B-B1ED-B3CDFF91BD7B}.Ad-Hoc|x86.Build.0 = Release|x86
		{6F8ABC04-D3D6-439B-B1ED-B3CDFF91BD7B}.Ad-Hoc|x86.Deploy.0 = Release|x86
		{6F8ABC04-D3D6-439B-B1ED-B3CDFF91BD7B}.AppStore|Any CPU.ActiveCfg = Release|Any CPU
		{6F8ABC04-D3D6-439B-B1ED-B3CDFF91BD7B}.AppStore|Any CPU.Build.0 = Release|Any CPU
		{6F8ABC04-D3D6-439B-B1ED-B3CDFF91BD7B}.AppStore|Any CPU.Deploy.0 = Release|Any CPU
		{6F8ABC04-D3D6-439B-B1ED-B3CDFF91BD7B}.AppStore|ARM.ActiveCfg = Release|ARM
		{6F8ABC04-D3D6-439B-B1ED-B3CDFF91BD7B}.AppStore|ARM.Build.0 = Release|ARM
		{6F8ABC04-D3D6-439B-B1ED-B3CDFF91BD7B}.AppStore|ARM.Deploy.0 = Release|ARM
		{6F8ABC04-D3D6-439B-B1ED-B3CDFF91BD7B}.AppStore|iPhone.ActiveCfg = Release|Any CPU
		{6F8ABC04-D3D6-439B-B1ED-B3CDFF91BD7B}.AppStore|iPhone.Build.0 = Release|Any CPU
		{6F8ABC04-D3D6-439B-B1ED-B3CDFF91BD7B}.AppStore|iPhone.Deploy.0 = Release|Any CPU
		{6F8ABC04-D3D6-439B-B1ED-B3CDFF91BD7B}.AppStore|iPhoneSimulator.ActiveCfg = Release|Any CPU
		{6F8ABC04-D3D6-439B-B1ED-B3CDFF91BD7B}.AppStore|iPhoneSimulator.Build.0 = Release|Any CPU
		{6F8ABC04-D3D6-439B-B1ED-B3CDFF91BD7B}.AppStore|iPhoneSimulator.Deploy.0 = Release|Any CPU
		{6F8ABC04-D3D6-439B-B1ED-B3CDFF91BD7B}.AppStore|x64.ActiveCfg = Release|x64
		{6F8ABC04-D3D6-439B-B1ED-B3CDFF91BD7B}.AppStore|x64.Build.0 = Release|x64
		{6F8ABC04-D3D6-439B-B1ED-B3CDFF91BD7B}.AppStore|x64.Deploy.0 = Release|x64
		{6F8ABC04-D3D6-439B-B1ED-B3CDFF91BD7B}.AppStore|x86.ActiveCfg = Release|x86
		{6F8ABC04-D3D6-439B-B1ED-B3CDFF91BD7B}.AppStore|x86.Build.0 = Release|x86
		{6F8ABC04-D3D6-439B-B1ED-B3CDFF91BD7B}.AppStore|x86.Deploy.0 = Release|x86
		{6F8ABC04-D3D6-439B-B1ED-B3CDFF91BD7B}.Debug|Any CPU.ActiveCfg = Debug|Any CPU
		{6F8ABC04-D3D6-439B-B1ED-B3CDFF91BD7B}.Debug|Any CPU.Build.0 = Debug|Any CPU
		{6F8ABC04-D3D6-439B-B1ED-B3CDFF91BD7B}.Debug|Any CPU.Deploy.0 = Debug|Any CPU
		{6F8ABC04-D3D6-439B-B1ED-B3CDFF91BD7B}.Debug|ARM.ActiveCfg = Debug|ARM
		{6F8ABC04-D3D6-439B-B1ED-B3CDFF91BD7B}.Debug|ARM.Build.0 = Debug|ARM
		{6F8ABC04-D3D6-439B-B1ED-B3CDFF91BD7B}.Debug|ARM.Deploy.0 = Debug|ARM
		{6F8ABC04-D3D6-439B-B1ED-B3CDFF91BD7B}.Debug|iPhone.ActiveCfg = Debug|Any CPU
		{6F8ABC04-D3D6-439B-B1ED-B3CDFF91BD7B}.Debug|iPhone.Build.0 = Debug|Any CPU
		{6F8ABC04-D3D6-439B-B1ED-B3CDFF91BD7B}.Debug|iPhone.Deploy.0 = Debug|Any CPU
		{6F8ABC04-D3D6-439B-B1ED-B3CDFF91BD7B}.Debug|iPhoneSimulator.ActiveCfg = Debug|Any CPU
		{6F8ABC04-D3D6-439B-B1ED-B3CDFF91BD7B}.Debug|iPhoneSimulator.Build.0 = Debug|Any CPU
		{6F8ABC04-D3D6-439B-B1ED-B3CDFF91BD7B}.Debug|iPhoneSimulator.Deploy.0 = Debug|Any CPU
		{6F8ABC04-D3D6-439B-B1ED-B3CDFF91BD7B}.Debug|x64.ActiveCfg = Debug|x64
		{6F8ABC04-D3D6-439B-B1ED-B3CDFF91BD7B}.Debug|x64.Build.0 = Debug|x64
		{6F8ABC04-D3D6-439B-B1ED-B3CDFF91BD7B}.Debug|x64.Deploy.0 = Debug|x64
		{6F8ABC04-D3D6-439B-B1ED-B3CDFF91BD7B}.Debug|x86.ActiveCfg = Debug|x86
		{6F8ABC04-D3D6-439B-B1ED-B3CDFF91BD7B}.Debug|x86.Build.0 = Debug|x86
		{6F8ABC04-D3D6-439B-B1ED-B3CDFF91BD7B}.Debug|x86.Deploy.0 = Debug|x86
		{6F8ABC04-D3D6-439B-B1ED-B3CDFF91BD7B}.Release|Any CPU.ActiveCfg = Release|Any CPU
		{6F8ABC04-D3D6-439B-B1ED-B3CDFF91BD7B}.Release|Any CPU.Build.0 = Release|Any CPU
		{6F8ABC04-D3D6-439B-B1ED-B3CDFF91BD7B}.Release|Any CPU.Deploy.0 = Release|Any CPU
		{6F8ABC04-D3D6-439B-B1ED-B3CDFF91BD7B}.Release|ARM.ActiveCfg = Release|ARM
		{6F8ABC04-D3D6-439B-B1ED-B3CDFF91BD7B}.Release|ARM.Build.0 = Release|ARM
		{6F8ABC04-D3D6-439B-B1ED-B3CDFF91BD7B}.Release|ARM.Deploy.0 = Release|ARM
		{6F8ABC04-D3D6-439B-B1ED-B3CDFF91BD7B}.Release|iPhone.ActiveCfg = Release|Any CPU
		{6F8ABC04-D3D6-439B-B1ED-B3CDFF91BD7B}.Release|iPhone.Build.0 = Release|Any CPU
		{6F8ABC04-D3D6-439B-B1ED-B3CDFF91BD7B}.Release|iPhone.Deploy.0 = Release|Any CPU
		{6F8ABC04-D3D6-439B-B1ED-B3CDFF91BD7B}.Release|iPhoneSimulator.ActiveCfg = Release|Any CPU
		{6F8ABC04-D3D6-439B-B1ED-B3CDFF91BD7B}.Release|iPhoneSimulator.Build.0 = Release|Any CPU
		{6F8ABC04-D3D6-439B-B1ED-B3CDFF91BD7B}.Release|iPhoneSimulator.Deploy.0 = Release|Any CPU
		{6F8ABC04-D3D6-439B-B1ED-B3CDFF91BD7B}.Release|x64.ActiveCfg = Release|x64
		{6F8ABC04-D3D6-439B-B1ED-B3CDFF91BD7B}.Release|x64.Build.0 = Release|x64
		{6F8ABC04-D3D6-439B-B1ED-B3CDFF91BD7B}.Release|x64.Deploy.0 = Release|x64
		{6F8ABC04-D3D6-439B-B1ED-B3CDFF91BD7B}.Release|x86.ActiveCfg = Release|x86
		{6F8ABC04-D3D6-439B-B1ED-B3CDFF91BD7B}.Release|x86.Build.0 = Release|x86
		{6F8ABC04-D3D6-439B-B1ED-B3CDFF91BD7B}.Release|x86.Deploy.0 = Release|x86
	EndGlobalSection
	GlobalSection(SolutionProperties) = preSolution
		HideSolutionNode = FALSE
	EndGlobalSection
EndGlobal
